{
  "projects": [
    {
      "projectId": "8rq3bpywbirkYcx5PyNhYA",
      "version": "0.0.1",
      "dependencies": {},
      "lang": "ts",
      "fileLocks": [
        {
          "assetId": "8rq3bpywbirkYcx5PyNhYA",
          "type": "projectCss",
          "checksum": "e1ec850476829c38b0f9b6d4f7ac446a"
        },
        {
          "assetId": "8rq3bpywbirkYcx5PyNhYA",
          "checksum": "d52d3490f0e1f04ccacbe785ab612e56",
          "type": "globalContexts"
        }
      ],
      "codegenVersion": "0.0.1"
    },
    {
      "projectId": "ohsqp8PMn5UmAsbkFsEo6g",
      "version": "0.0.1",
      "dependencies": {},
      "lang": "ts",
      "fileLocks": [
        {
          "assetId": "ohsqp8PMn5UmAsbkFsEo6g",
          "type": "projectCss",
          "checksum": "e76cee85e96cb3fff580d5552a47cfe4"
        },
        {
          "assetId": "ohsqp8PMn5UmAsbkFsEo6g",
          "checksum": "becee737420018bc818dc58b7589b982",
          "type": "globalContexts"
        }
      ],
      "codegenVersion": "0.0.1"
    },
    {
      "projectId": "rc9dG4oyD6LF2Fbvo9k9Nb",
      "version": "latest",
      "dependencies": {
        "ohsqp8PMn5UmAsbkFsEo6g": "0.0.1",
        "8rq3bpywbirkYcx5PyNhYA": "0.0.1"
      },
      "lang": "ts",
      "fileLocks": [
        {
          "type": "globalVariant",
          "assetId": "h6X2sX2wH_Od",
          "checksum": "facefc26a05261a09674d8abaf500bb4"
        },
        {
          "assetId": "rc9dG4oyD6LF2Fbvo9k9Nb",
          "type": "projectCss",
          "checksum": "4244e88b8a328e62e1f90a2f82ec930d"
        },
        {
          "assetId": "rc9dG4oyD6LF2Fbvo9k9Nb",
          "checksum": "1a4938d21ba4811e4d625635d67f768d",
          "type": "globalContexts"
        },
        {
          "type": "renderModule",
          "assetId": "B1JfF3WjLC62",
          "checksum": "21ab9f726623cea93b60381dd90624ab"
        },
        {
          "type": "cssRules",
          "assetId": "B1JfF3WjLC62",
          "checksum": "21ab9f726623cea93b60381dd90624ab"
        },
        {
          "type": "renderModule",
          "assetId": "DKNGkbi1dRLs",
          "checksum": "66e0b8359195e1dea1418cd1491635d5"
        },
        {
          "type": "cssRules",
          "assetId": "DKNGkbi1dRLs",
          "checksum": "66e0b8359195e1dea1418cd1491635d5"
        },
        {
          "type": "renderModule",
          "assetId": "Vo31A0bke2Ou",
          "checksum": "051ca1a80c7252563d7e0b39840de18c"
        },
        {
          "type": "cssRules",
          "assetId": "Vo31A0bke2Ou",
          "checksum": "051ca1a80c7252563d7e0b39840de18c"
        },
        {
          "type": "renderModule",
          "assetId": "u-N4ODhujw0a",
          "checksum": "ae674140f232f90d40d599edf5c225fc"
        },
        {
          "type": "cssRules",
          "assetId": "u-N4ODhujw0a",
          "checksum": "ae674140f232f90d40d599edf5c225fc"
        },
        {
          "type": "renderModule",
          "assetId": "swKEwB9_5KD_",
          "checksum": "43d7a863d2bf8b7b12373ac8c83c77bd"
        },
        {
          "type": "cssRules",
          "assetId": "swKEwB9_5KD_",
          "checksum": "43d7a863d2bf8b7b12373ac8c83c77bd"
        },
        {
          "type": "renderModule",
          "assetId": "n4beVuR0Egds",
          "checksum": "7f8f0acf6da2974df828c8002c546bdc"
        },
        {
          "type": "cssRules",
          "assetId": "n4beVuR0Egds",
          "checksum": "7f8f0acf6da2974df828c8002c546bdc"
        },
        {
          "type": "renderModule",
          "assetId": "QQmP0Nq8-2ye",
          "checksum": "66503db86aed3f8e41f04f2cdb8af369"
        },
        {
          "type": "cssRules",
          "assetId": "QQmP0Nq8-2ye",
          "checksum": "66503db86aed3f8e41f04f2cdb8af369"
        },
        {
          "type": "renderModule",
          "assetId": "frWWh1iwnzwp",
          "checksum": "49ebabedb996f872fe8248f3fe97b014"
        },
        {
          "type": "cssRules",
          "assetId": "frWWh1iwnzwp",
          "checksum": "49ebabedb996f872fe8248f3fe97b014"
        },
        {
          "type": "renderModule",
          "assetId": "g7g-r5EhuI6U",
          "checksum": "fb23e2139b3162d7a7746961d2dad4c2"
        },
        {
          "type": "cssRules",
          "assetId": "g7g-r5EhuI6U",
          "checksum": "fb23e2139b3162d7a7746961d2dad4c2"
        },
        {
          "type": "renderModule",
          "assetId": "6HIQRr6nkTq8",
          "checksum": "2c8229b101a7b989433987fd2b227c10"
        },
        {
          "type": "cssRules",
          "assetId": "6HIQRr6nkTq8",
          "checksum": "2c8229b101a7b989433987fd2b227c10"
        },
        {
          "type": "renderModule",
          "assetId": "RMVcfBDac8Qb",
          "checksum": "7b95ef4b000b495e2bd68c0d41ebcde6"
        },
        {
          "type": "cssRules",
          "assetId": "RMVcfBDac8Qb",
          "checksum": "7b95ef4b000b495e2bd68c0d41ebcde6"
        },
        {
          "type": "renderModule",
          "assetId": "tS83hgDkkS01",
          "checksum": "5336e161246f03bcf4d79fa24d0db213"
        },
        {
          "type": "cssRules",
          "assetId": "tS83hgDkkS01",
          "checksum": "5336e161246f03bcf4d79fa24d0db213"
        },
        {
          "type": "icon",
          "assetId": "JiS9O7XXxJTY",
          "checksum": "16f2992aa77f5f66d0aeb03465491d7a"
        },
        {
          "type": "icon",
          "assetId": "voxSfQR-8rca",
          "checksum": "c6c04a624295b29cc71a685b3421d6ff"
        },
        {
          "type": "icon",
          "assetId": "3YZpUdvI3cAp",
          "checksum": "ce7d8520073128f5499e09a325936004"
        },
        {
          "type": "icon",
          "assetId": "vQhudX6GOJEQ",
          "checksum": "75eff8b6eb60cdacde9d040daf6f84b6"
        },
        {
          "type": "icon",
          "assetId": "XTQkrDZyskjD",
          "checksum": "fffd9c9f353e0abf9db2dcd7f2fa632d"
        },
        {
          "type": "icon",
          "assetId": "PiPvnXpDXWMq",
          "checksum": "e8ea80da0d6ba740d4c1291204108147"
        },
        {
          "type": "icon",
          "assetId": "QPBy4iWr3d0Z",
          "checksum": "317d8eb83ee93c27187b755aa3a5dca3"
        },
        {
          "type": "icon",
          "assetId": "E0oEU1wC0nnk",
          "checksum": "a846dd324227a3590304879f39dfd6a7"
        },
        {
          "type": "icon",
          "assetId": "LBgaDT-RD_jc",
          "checksum": "5634da4b6d5ef31eef0d8166671702d9"
        },
        {
          "type": "icon",
          "assetId": "5yom-nRtbivn",
          "checksum": "f4847c1cc09f55c9f15b3acb2f3995d9"
        },
        {
          "type": "icon",
          "assetId": "qNdOWE2MF5xG",
          "checksum": "1f85d21e0aa88b3aaf4b34e95d6a3a8e"
        },
        {
          "type": "icon",
          "assetId": "RuQWgURyuf_-",
          "checksum": "3bcb05734af3f6296ca7cd0f4634ab33"
        },
        {
          "type": "icon",
          "assetId": "8Z8G91GSqcRq",
          "checksum": "86d80b2b382c62f0dd7db29f1464987c"
        },
        {
          "type": "icon",
          "assetId": "lEVbxr4vz5eI",
          "checksum": "5be7b81991b1d42a02e090fc058aa4bf"
        },
        {
          "type": "icon",
          "assetId": "ldwP7FCP-Vem",
          "checksum": "e9af841ed9f1e349fb4e9c0f6ab777e6"
        },
        {
          "type": "icon",
          "assetId": "NMGpZ0c9SiP9",
          "checksum": "40c77d58be32da4d3184506506ddc216"
        },
        {
          "type": "icon",
          "assetId": "3HWsq1GfMlOR",
          "checksum": "ae4dec4db436119ed5fcb7994f02f899"
        },
        {
          "type": "icon",
          "assetId": "HNV_63NA9HFw",
          "checksum": "bf99711f3b03869246316f8e16870277"
        },
        {
          "type": "icon",
          "assetId": "N8BmYw28FND4",
          "checksum": "5ab37024a94e3629bb8ef14225447d2a"
        },
        {
          "type": "image",
          "assetId": "cX6m3J6lkpUw",
          "checksum": "28eba94638b80d7ad12bb13568216a71"
        },
        {
          "type": "image",
          "assetId": "cI2NX0dJGrC6",
          "checksum": "4114f6f61ef01d09cb2e5b4b00c8e2ce"
        },
        {
          "type": "image",
          "assetId": "GSgRr38RgoBq",
          "checksum": "4fe23c1e10d0713a21aded317efc4494"
        },
        {
          "type": "image",
          "assetId": "IOC9PMT8WYm3",
          "checksum": "c31d8a5670a412d6cde98d51f53c17a3"
        },
        {
          "type": "image",
          "assetId": "TaKHWLMchYw0",
          "checksum": "d137628ccff88c1967d71013383b54f4"
        },
        {
          "type": "image",
          "assetId": "Fq5ovQOivpLI",
          "checksum": "0a41f09d4157a1e5996739a79cbc0419"
        },
        {
          "type": "image",
          "assetId": "_FPzHt9biVOG",
          "checksum": "9d23689eb4166f05a26648a45cc00386"
        },
        {
          "type": "image",
          "assetId": "nkEN1V1Fkz3-",
          "checksum": "d734136d18aa7c7998ebf19afa99804e"
        },
        {
          "type": "image",
          "assetId": "rgHedPfgwwsX",
          "checksum": "cf3c46eaa2b8fa5bd14553c643a8bac5"
        },
        {
          "type": "image",
          "assetId": "3VSXQGcSoUFW",
          "checksum": "85248c7d11c5dd137b4da4e6c77a06c1"
        },
        {
          "type": "image",
          "assetId": "vUNXpDw8WuY8",
          "checksum": "ec12ae5358dfcbe70983dfc632a97f01"
        },
        {
          "type": "image",
          "assetId": "CzPgDNrlyBfW",
          "checksum": "db5bf6bb70e2c7d8cbf1f86ec5b27aa6"
        },
        {
          "type": "image",
          "assetId": "VBq1ncRqnvZJ",
          "checksum": "cb02c3ae4e414ed124f061255aac4416"
        },
        {
          "type": "image",
          "assetId": "EZaDkYy18VUi",
          "checksum": "c843ecfc9419d0b49c7642ee2424932d"
        },
        {
          "type": "image",
          "assetId": "iMggE3qrkDva",
          "checksum": "3bb4389acdeae78e896a71c38aa63bf4"
        },
        {
          "type": "image",
          "assetId": "w8ZcJWDyYB3Z",
          "checksum": "c8e4c722208c62c81be42fd8856a7bb3"
        },
        {
          "type": "image",
          "assetId": "zUcO3Ry78AvG",
          "checksum": "41c489d00cdcf14913bd1477eabf5c1a"
        },
        {
          "type": "image",
          "assetId": "nVml1BwAlwwO",
          "checksum": "bb97165ad2671b99820049189f68d48d"
        },
        {
          "type": "image",
          "assetId": "T0I6VTZSvnVS",
          "checksum": "08ea276cf9df09aa613b65df98e24740"
        },
        {
          "type": "image",
          "assetId": "0_0ETXjZu5rz",
          "checksum": "c36382bf5f1405f4908b6626572221e6"
        },
        {
          "type": "image",
          "assetId": "UO9p5BrLeivn",
          "checksum": "686d97651254449bbc400ae43836a3a0"
        },
        {
          "type": "image",
          "assetId": "LQOReWBxvKfl",
          "checksum": "fcfc45e0cba4a5c8af32d0fcd7001acb"
        },
        {
          "type": "image",
          "assetId": "kHOsbToL_cVo",
          "checksum": "75e707f945c063cb94bbadf780d2d496"
        },
        {
          "type": "image",
          "assetId": "7f-54i9hicVo",
          "checksum": "93e70ba5353c31e4c0dd78598035688b"
        },
        {
          "type": "image",
          "assetId": "jeiFyODWaeAl",
          "checksum": "a2509377a4e18f24601722d96aa9c555"
        },
        {
          "type": "image",
          "assetId": "Ii8PNka7MIkK",
          "checksum": "eb8f308c215bfc60dca0e0ad2dad4f09"
        },
        {
          "type": "image",
          "assetId": "30wBa94um5iS",
          "checksum": "1eaaf2561036e3b1b9c538136ccd8c06"
        },
        {
          "type": "image",
          "assetId": "qrnp23GC3PZq",
          "checksum": "36c8962c47a9f267d840e8138026c332"
        },
        {
          "type": "image",
          "assetId": "AqXqRbSKGMa0",
          "checksum": "86e90ec17cdfeef2157bbaaf44266eef"
        },
        {
          "type": "image",
          "assetId": "pH73k5iFqCwL",
          "checksum": "2ebc583e8e15f29c11cfd6285ec17335"
        },
        {
          "type": "image",
          "assetId": "ddUw4b87wfcn",
          "checksum": "ee818da11675c2ad6faa58a529fa6ba8"
        },
        {
          "type": "image",
          "assetId": "H-F42ILprT3m",
          "checksum": "8b201f65f60f4503a3aaeea92e8062b9"
        },
        {
          "type": "image",
          "assetId": "En7wA4BEV48i",
          "checksum": "d384857600915493aa35801566569b72"
        },
        {
          "type": "image",
          "assetId": "VgHqGgamurMf",
          "checksum": "73baae6da51c4b81df6c204808a0779f"
        },
        {
          "type": "image",
          "assetId": "Jj0qU4QZGghE",
          "checksum": "2beca43b881a9427a390ac2ffa0905f0"
        },
        {
          "type": "image",
          "assetId": "T03I4wTd958l",
          "checksum": "bbc2f12c6654ca7309bbfe4f8a690e83"
        },
        {
          "type": "image",
          "assetId": "j9GOlqEzBH4J",
          "checksum": "2164d49b23c63e77d1b70820f8915698"
        },
        {
          "type": "image",
          "assetId": "UuExHt8qA57z",
          "checksum": "ea78956cfa668e74e7aefdcd436d0ad9"
        },
        {
          "type": "image",
          "assetId": "LMHukQPJSnEo",
          "checksum": "a81b6d3bc042f147444ed3282f5a5283"
        },
        {
          "type": "image",
          "assetId": "dTnppBqozmGl",
          "checksum": "125cfa4c1eeb394b9c865c0fe3072009"
        },
        {
          "type": "image",
          "assetId": "jE2TT9uM07wf",
          "checksum": "2986bd481a1e25c11ea713eae08aa71c"
        },
        {
          "type": "image",
          "assetId": "kJaFzoVOy1sB",
          "checksum": "b0b1b77a06601126451b6a8df7ae47e5"
        },
        {
          "type": "image",
          "assetId": "JmGA_vL5vFO-",
          "checksum": "bc896599d0ad079239bf606ccab9529d"
        },
        {
          "type": "image",
          "assetId": "pb-irZ57RQ6u",
          "checksum": "74111e2e4d392045e5b7582007d3bb6a"
        },
        {
          "type": "image",
          "assetId": "PDv5TyrvRpTQ",
          "checksum": "0a4949d9857d631015f084e19e32f440"
        },
        {
          "type": "image",
          "assetId": "7Z_054fjcrfC",
          "checksum": "ac2ca961539659068017003283472249"
        },
        {
          "type": "image",
          "assetId": "H48W0nYGSzS2",
          "checksum": "506603fba94a5900684b4e02af8eb0e6"
        },
        {
          "type": "image",
          "assetId": "jD6IJeMRFZF8",
          "checksum": "7670a5ca46fc5aa4643c2022e78e89c4"
        },
        {
          "type": "image",
          "assetId": "2a2Vr0RIoe-k",
          "checksum": "b376a53d5b6a5cc4447b95b3fae81bd3"
        },
        {
          "type": "image",
          "assetId": "ti7EPyW5bFhV",
          "checksum": "0d74f74680fe0a6c85350189394caf52"
        },
        {
          "type": "image",
          "assetId": "kRD7S8tC5hTl",
          "checksum": "55423f05ab7ab39f38f3e379a714a09a"
        },
        {
          "type": "image",
          "assetId": "QpK3t_dsnYmc",
          "checksum": "ca95612ab962c795d2f420d7bf0c605b"
        },
        {
          "type": "image",
          "assetId": "eqNqt_e7CkTY",
          "checksum": "f9cb25ceb9c9c1c193561d0d06697f34"
        },
        {
          "type": "image",
          "assetId": "1YXxS4gI5c4X",
          "checksum": "162f5732a342e3c1d4b39daeb05ab93a"
        },
        {
          "type": "image",
          "assetId": "1Rz8HwoNjFnt",
          "checksum": "749bb11c7cae0b1d9100a63ae4d8bac1"
        },
        {
          "type": "image",
          "assetId": "q36PnH9wOSsF",
          "checksum": "06076ae1df4dcf7196440c4d0de0068d"
        },
        {
          "type": "image",
          "assetId": "3vdgLZdGOroj",
          "checksum": "b22963c6d5e7e071508c143ff2802b16"
        },
        {
          "type": "image",
          "assetId": "qp-zHCuvBpUH",
          "checksum": "35744918cbaca42b8b954530631bb67c"
        },
        {
          "type": "image",
          "assetId": "K3uH1_0NxS7o",
          "checksum": "497cc6b5b786552ca6b976cd0a544fab"
        },
        {
          "type": "image",
          "assetId": "Jjx_7TQnOFdA",
          "checksum": "f7436de41c611fb77bea994f6054184d"
        },
        {
          "type": "image",
          "assetId": "DdxL_z21cnXQ",
          "checksum": "df6e207150f9946f27049946269d36e7"
        },
        {
          "type": "image",
          "assetId": "42IftvVwAvXt",
          "checksum": "4667a1c609968d1db9aa11681327927e"
        },
        {
          "type": "image",
          "assetId": "ng9mR5Q7tahN",
          "checksum": "58aacfbfbd5aa9204b3a19fc9f728580"
        },
        {
          "type": "image",
          "assetId": "hKdR8xom7Em1",
          "checksum": "f5e9c00373c7aae982dccb3850767e67"
        },
        {
          "type": "image",
          "assetId": "5OvoDQoQ6F19",
          "checksum": "03902d27552cfe9c8385399e8875a19c"
        },
        {
          "type": "image",
          "assetId": "gTvffSO9518v",
          "checksum": "a3c721b046d82dfb95992f277b305267"
        },
        {
          "type": "image",
          "assetId": "ebVg_Q7kSkHz",
          "checksum": "e32c7ccd06327cdceed2b45a9a6af7e5"
        },
        {
          "type": "image",
          "assetId": "JZrOSG2oRmU4",
          "checksum": "5b97d060056aa6599ee4de3caca194d7"
        },
        {
          "type": "image",
          "assetId": "7bahlhGVp7KN",
          "checksum": "73dae0cba15798271c511fd2d72af3e6"
        },
        {
          "type": "image",
          "assetId": "r4YifHLlJIo8",
          "checksum": "ab24d0aed73daaeeb67231cb7157156d"
        },
        {
          "type": "image",
          "assetId": "4MxtYe3bzu1V",
          "checksum": "9d0f7d811c2e4cbd18509b885fb2b9a1"
        },
        {
          "type": "image",
          "assetId": "IvarVeoPYNzr",
          "checksum": "c001293fd0e378f3e36aabd94bcc19fd"
        },
        {
          "type": "image",
          "assetId": "QjPJtCSFqKYG",
          "checksum": "64866e30b45378a1621af28e98ef0196"
        },
        {
          "type": "image",
          "assetId": "6UxFunmARdhp",
          "checksum": "202a1fad042ec79c0bcc350824846401"
        }
      ],
      "codegenVersion": "0.0.1"
    }
  ],
  "cliVersion": "0.1.330"
}
